{
  "pins" : [
    {
      "identity" : "keyboardavoider",
      "kind" : "remoteSourceControl",
      "location" : "https://github.com/michaelhenry/KeyboardAvoider",
      "state" : {
        "revision" : "e1c3860e7b50bce567f3480ed443f1c6b3659725",
        "version" : "1.0.3"
      }
    }
  ],
  "version" : 2
}
